// !$*UTF8*$!
{
	archiveVersion = 1;
	classes = {
	};
	objectVersion = 50;
	objects = {

/* Begin PBXBuildFile section */
		008DA7ED23E22F3E008C6B73 /* AppDelegate.swift in Sources */ = {isa = PBXBuildFile; fileRef = 008DA7EC23E22F3E008C6B73 /* AppDelegate.swift */; };
		008DA7EF23E22F3E008C6B73 /* SceneDelegate.swift in Sources */ = {isa = PBXBuildFile; fileRef = 008DA7EE23E22F3E008C6B73 /* SceneDelegate.swift */; };
		008DA7F123E22F3E008C6B73 /* ViewController.swift in Sources */ = {isa = PBXBuildFile; fileRef = 008DA7F023E22F3E008C6B73 /* ViewController.swift */; };
		008DA7F423E22F3E008C6B73 /* Main.storyboard in Resources */ = {isa = PBXBuildFile; fileRef = 008DA7F223E22F3E008C6B73 /* Main.storyboard */; };
		008DA7F623E22F3F008C6B73 /* Assets.xcassets in Resources */ = {isa = PBXBuildFile; fileRef = 008DA7F523E22F3F008C6B73 /* Assets.xcassets */; };
		008DA7F923E22F3F008C6B73 /* LaunchScreen.storyboard in Resources */ = {isa = PBXBuildFile; fileRef = 008DA7F723E22F3F008C6B73 /* LaunchScreen.storyboard */; };
/* End PBXBuildFile section */

/* Begin PBXFileReference section */
		008DA7E923E22F3E008C6B73 /* HW2.1.2.app */ = {isa = PBXFileReference; explicitFileType = wrapper.application; includeInIndex = 0; path = HW2.1.2.app; sourceTree = BUILT_PRODUCTS_DIR; };
		008DA7EC23E22F3E008C6B73 /* AppDelegate.swift */ = {isa = PBXFileReference; lastKnownFileType = sourcecode.swift; path = AppDelegate.swift; sourceTree = "<group>"; };
		008DA7EE23E22F3E008C6B73 /* SceneDelegate.swift */ = {isa = PBXFileReference; lastKnownFileType = sourcecode.swift; path = SceneDelegate.swift; sourceTree = "<group>"; };
		008DA7F023E22F3E008C6B73 /* ViewController.swift */ = {isa = PBXFileReference; lastKnownFileType = sourcecode.swift; path = ViewController.swift; sourceTree = "<group>"; };
		008DA7F323E22F3E008C6B73 /* Base */ = {isa = PBXFileReference; lastKnownFileType = file.storyboard; name = Base; path = Base.lproj/Main.storyboard; sourceTree = "<group>"; };
		008DA7F523E22F3F008C6B73 /* Assets.xcassets */ = {isa = PBXFileReference; lastKnownFileType = folder.assetcatalog; path = Assets.xcassets; sourceTree = "<group>"; };
		008DA7F823E22F3F008C6B73 /* Base */ = {isa = PBXFileReference; lastKnownFileType = file.storyboard; name = Base; path = Base.lproj/LaunchScreen.storyboard; sourceTree = "<group>"; };
		008DA7FA23E22F3F008C6B73 /* Info.plist */ = {isa = PBXFileReference; lastKnownFileType = text.plist.xml; path = Info.plist; sourceTree = "<group>"; };
/* End PBXFileReference section */

/* Begin PBXFrameworksBuildPhase section */
		008DA7E623E22F3E008C6B73 /* Frameworks */ = {
			isa = PBXFrameworksBuildPhase;
			buildActionMask = 2147483647;
			files = (
			);
			runOnlyForDeploymentPostprocessing = 0;
		};
/* End PBXFrameworksBuildPhase section */

/* Begin PBXGroup section */
		008DA7E023E22F3E008C6B73 = {
			isa = PBXGroup;
			children = (
				008DA7EB23E22F3E008C6B73 /* HW2.1.2 */,
				008DA7EA23E22F3E008C6B73 /* Products */,
			);
			sourceTree = "<group>";
		};
		008DA7EA23E22F3E008C6B73 /* Products */ = {
			isa = PBXGroup;
			children = (
				008DA7E923E22F3E008C6B73 /* HW2.1.2.app */,
			);
			name = Products;
			sourceTree = "<group>";
		};
		008DA7EB23E22F3E008C6B73 /* HW2.1.2 */ = {
			isa = PBXGroup;
			children = (
				008DA7EC23E22F3E008C6B73 /* AppDelegate.swift */,
				008DA7EE23E22F3E008C6B73 /* SceneDelegate.swift */,
				008DA7F023E22F3E008C6B73 /* ViewController.swift */,
				008DA7F223E22F3E008C6B73 /* Main.storyboard */,
				008DA7F523E22F3F008C6B73 /* Assets.xcassets */,
				008DA7F723E22F3F008C6B73 /* LaunchScreen.storyboard */,
				008DA7FA23E22F3F008C6B73 /* Info.plist */,
			);
			path = HW2.1.2;
			sourceTree = "<group>";
		};
/* End PBXGroup section */

/* Begin PBXNativeTarget section */
		008DA7E823E22F3E008C6B73 /* HW2.1.2 */ = {
			isa = PBXNativeTarget;
			buildConfigurationList = 008DA7FD23E22F3F008C6B73 /* Build configuration list for PBXNativeTarget "HW2.1.2" */;
			buildPhases = (
				008DA7E523E22F3E008C6B73 /* Sources */,
				008DA7E623E22F3E008C6B73 /* Frameworks */,
				008DA7E723E22F3E008C6B73 /* Resources */,
			);
			buildRules = (
			);
			dependencies = (
			);
			name = HW2.1.2;
			productName = HW2.1.2;
			productReference = 008DA7E923E22F3E008C6B73 /* HW2.1.2.app */;
			productType = "com.apple.product-type.application";
		};
/* End PBXNativeTarget section */

/* Begin PBXProject section */
		008DA7E123E22F3E008C6B73 /* Project object */ = {
			isa = PBXProject;
			attributes = {
				LastSwiftUpdateCheck = 1130;
				LastUpgradeCheck = 1130;
				ORGANIZATIONNAME = Romnet;
				TargetAttributes = {
					008DA7E823E22F3E008C6B73 = {
						CreatedOnToolsVersion = 11.3.1;
					};
				};
			};
			buildConfigurationList = 008DA7E423E22F3E008C6B73 /* Build configuration list for PBXProject "HW2.1.2" */;
			compatibilityVersion = "Xcode 9.3";
			developmentRegion = en;
			hasScannedForEncodings = 0;
			knownRegions = (
				en,
				Base,
			);
			mainGroup = 008DA7E023E22F3E008C6B73;
			productRefGroup = 008DA7EA23E22F3E008C6B73 /* Products */;
			projectDirPath = "";
			projectRoot = "";
			targets = (
				008DA7E823E22F3E008C6B73 /* HW2.1.2 */,
			);
		};
/* End PBXProject section */

/* Begin PBXResourcesBuildPhase section */
		008DA7E723E22F3E008C6B73 /* Resources */ = {
			isa = PBXResourcesBuildPhase;
			buildActionMask = 2147483647;
			files = (
				008DA7F923E22F3F008C6B73 /* LaunchScreen.storyboard in Resources */,
				008DA7F623E22F3F008C6B73 /* Assets.xcassets in Resources */,
				008DA7F423E22F3E008C6B73 /* Main.storyboard in Resources */,
			);
			runOnlyForDeploymentPostprocessing = 0;
		};
/* End PBXResourcesBuildPhase section */

/* Begin PBXSourcesBuildPhase section */
		008DA7E523E22F3E008C6B73 /* Sources */ = {
			isa = PBXSourcesBuildPhase;
			buildActionMask = 2147483647;
			files = (
				008DA7F123E22F3E008C6B73 /* ViewController.swift in Sources */,
				008DA7ED23E22F3E008C6B73 /* AppDelegate.swift in Sources */,
				008DA7EF23E22F3E008C6B73 /* SceneDelegate.swift in Sources */,
			);
			runOnlyForDeploymentPostprocessing = 0;
		};
/* End PBXSourcesBuildPhase section */

/* Begin PBXVariantGroup section */
		008DA7F223E22F3E008C6B73 /* Main.storyboard */ = {
			isa = PBXVariantGroup;
			children = (
				008DA7F323E22F3E008C6B73 /* Base */,
			);
			name = Main.storyboard;
			sourceTree = "<group>";
		};
		008DA7F723E22F3F008C6B73 /* LaunchScreen.storyboard */ = {
			isa = PBXVariantGroup;
			children = (
				008DA7F823E22F3F008C6B73 /* Base */,
			);
			name = LaunchScreen.storyboard;
			sourceTree = "<group>";
		};
/* End PBXVariantGroup section */

/* Begin XCBuildConfiguration section */
		008DA7FB23E22F3F008C6B73 /* Debug */ = {
			isa = XCBuildConfiguration;
			buildSettings = {
				ALWAYS_SEARCH_USER_PATHS = NO;
				CLANG_ANALYZER_NONNULL = YES;
				CLANG_ANALYZER_NUMBER_OBJECT_CONVERSION = YES_AGGRESSIVE;
				CLANG_CXX_LANGUAGE_STANDARD = "gnu++14";
				CLANG_CXX_LIBRARY = "libc++";
				CLANG_ENABLE_MODULES = YES;
				CLANG_ENABLE_OBJC_ARC = YES;
				CLANG_ENABLE_OBJC_WEAK = YES;
				CLANG_WARN_BLOCK_CAPTURE_AUTORELEASING = YES;
				CLANG_WARN_BOOL_CONVERSION = YES;
				CLANG_WARN_COMMA = YES;
				CLANG_WARN_CONSTANT_CONVERSION = YES;
				CLANG_WARN_DEPRECATED_OBJC_IMPLEMENTATIONS = YES;
				CLANG_WARN_DIRECT_OBJC_ISA_USAGE = YES_ERROR;
				CLANG_WARN_DOCUMENTATION_COMMENTS = YES;
				CLANG_WARN_EMPTY_BODY = YES;
				CLANG_WARN_ENUM_CONVERSION = YES;
				CLANG_WARN_INFINITE_RECURSION = YES;
				CLANG_WARN_INT_CONVERSION = YES;
				CLANG_WARN_NON_LITERAL_NULL_CONVERSION = YES;
				CLANG_WARN_OBJC_IMPLICIT_RETAIN_SELF = YES;
				CLANG_WARN_OBJC_LITERAL_CONVERSION = YES;
				CLANG_WARN_OBJC_ROOT_CLASS = YES_ERROR;
				CLANG_WARN_RANGE_LOOP_ANALYSIS = YES;
				CLANG_WARN_STRICT_PROTOTYPES = YES;
				CLANG_WARN_SUSPICIOUS_MOVE = YES;
				CLANG_WARN_UNGUARDED_AVAILABILITY = YES_AGGRESSIVE;
				CLANG_WARN_UNREACHABLE_CODE = YES;
				CLANG_WARN__DUPLICATE_METHOD_MATCH = YES;
				COPY_PHASE_STRIP = NO;
				DEBUG_INFORMATION_FORMAT = dwarf;
				ENABLE_STRICT_OBJC_MSGSEND = YES;
				ENABLE_TESTABILITY = YES;
				GCC_C_LANGUAGE_STANDARD = gnu11;
				GCC_DYNAMIC_NO_PIC = NO;
				GCC_NO_COMMON_BLOCKS = YES;
				GCC_OPTIMIZATION_LEVEL = 0;
				GCC_PREPROCESSOR_DEFINITIONS = (
					"DEBUG=1",
					"$(inherited)",
				);
				GCC_WARN_64_TO_32_BIT_CONVERSION = YES;
				GCC_WARN_ABOUT_RETURN_TYPE = YES_ERROR;
				GCC_WARN_UNDECLARED_SELECTOR = YES;
				GCC_WARN_UNINITIALIZED_AUTOS = YES_AGGRESSIVE;
				GCC_WARN_UNUSED_FUNCTION = YES;
				GCC_WARN_UNUSED_VARIABLE = YES;
				IPHONEOS_DEPLOYMENT_TARGET = 13.2;
				MTL_ENABLE_DEBUG_INFO = INCLUDE_SOURCE;
				MTL_FAST_MATH = YES;
				ONLY_ACTIVE_ARCH = YES;
				SDKROOT = iphoneos;
				SWIFT_ACTIVE_COMPILATION_CONDITIONS = DEBUG;
				SWIFT_OPTIMIZATION_LEVEL = "-Onone";
			};
			name = Debug;
		};
		008DA7FC23E22F3F008C6B73 /* Release */ = {
			isa = XCBuildConfiguration;
			buildSettings = {
				ALWAYS_SEARCH_USER_PATHS = NO;
				CLANG_ANALYZER_NONNULL = YES;
				CLANG_ANALYZER_NUMBER_OBJECT_CONVERSION = YES_AGGRESSIVE;
				CLANG_CXX_LANGUAGE_STANDARD = "gnu++14";
				CLANG_CXX_LIBRARY = "libc++";
				CLANG_ENABLE_MODULES = YES;
				CLANG_ENABLE_OBJC_ARC = YES;
				CLANG_ENABLE_OBJC_WEAK = YES;
				CLANG_WARN_BLOCK_CAPTURE_AUTORELEASING = YES;
				CLANG_WARN_BOOL_CONVERSION = YES;
				CLANG_WARN_COMMA = YES;
				CLANG_WARN_CONSTANT_CONVERSION = YES;
				CLANG_WARN_DEPRECATED_OBJC_IMPLEMENTATIONS = YES;
				CLANG_WARN_DIRECT_OBJC_ISA_USAGE = YES_ERROR;
				CLANG_WARN_DOCUMENTATION_COMMENTS = YES;
				CLANG_WARN_EMPTY_BODY = YES;
				CLANG_WARN_ENUM_CONVERSION = YES;
				CLANG_WARN_INFINITE_RECURSION = YES;
				CLANG_WARN_INT_CONVERSION = YES;
				CLANG_WARN_NON_LITERAL_NULL_CONVERSION = YES;
				CLANG_WARN_OBJC_IMPLICIT_RETAIN_SELF = YES;
				CLANG_WARN_OBJC_LITERAL_CONVERSION = YES;
				CLANG_WARN_OBJC_ROOT_CLASS = YES_ERROR;
				CLANG_WARN_RANGE_LOOP_ANALYSIS = YES;
				CLANG_WARN_STRICT_PROTOTYPES = YES;
				CLANG_WARN_SUSPICIOUS_MOVE = YES;
				CLANG_WARN_UNGUARDED_AVAILABILITY = YES_AGGRESSIVE;
				CLANG_WARN_UNREACHABLE_CODE = YES;
				CLANG_WARN__DUPLICATE_METHOD_MATCH = YES;
				COPY_PHASE_STRIP = NO;
				DEBUG_INFORMATION_FORMAT = "dwarf-with-dsym";
				ENABLE_NS_ASSERTIONS = NO;
				ENABLE_STRICT_OBJC_MSGSEND = YES;
				GCC_C_LANGUAGE_STANDARD = gnu11;
				GCC_NO_COMMON_BLOCKS = YES;
				GCC_WARN_64_TO_32_BIT_CONVERSION = YES;
				GCC_WARN_ABOUT_RETURN_TYPE = YES_ERROR;
				GCC_WARN_UNDECLARED_SELECTOR = YES;
				GCC_WARN_UNINITIALIZED_AUTOS = YES_AGGRESSIVE;
				GCC_WARN_UNUSED_FUNCTION = YES;
				GCC_WARN_UNUSED_VARIABLE = YES;
				IPHONEOS_DEPLOYMENT_TARGET = 13.2;
				MTL_ENABLE_DEBUG_INFO = NO;
				MTL_FAST_MATH = YES;
				SDKROOT = iphoneos;
				SWIFT_COMPILATION_MODE = wholemodule;
				SWIFT_OPTIMIZATION_LEVEL = "-O";
				VALIDATE_PRODUCT = YES;
			};
			name = Release;
		};
		008DA7FE23E22F3F008C6B73 /* Debug */ = {
			isa = XCBuildConfiguration;
			buildSettings = {
				ASSETCATALOG_COMPILER_APPICON_NAME = AppIcon;
				CODE_SIGN_STYLE = Automatic;
				DEVELOPMENT_TEAM = V4ZPC7RX4G;
				INFOPLIST_FILE = HW2.1.2/Info.plist;
				IPHONEOS_DEPLOYMENT_TARGET = 12.0;
				LD_RUNPATH_SEARCH_PATHS = (
					"$(inherited)",
					"@executable_path/Frameworks",
				);
				PRODUCT_BUNDLE_IDENTIFIER = "Romnet.HW2-1-2";
				PRODUCT_NAME = "$(TARGET_NAME)";
				SWIFT_VERSION = 5.0;
				TARGETED_DEVICE_FAMILY = 1;
			};
			name = Debug;
		};
		008DA7FF23E22F3F008C6B73 /* Release */ = {
			isa = XCBuildConfiguration;
			buildSettings = {
				ASSETCATALOG_COMPILER_APPICON_NAME = AppIcon;
				CODE_SIGN_STYLE = Automatic;
				DEVELOPMENT_TEAM = V4ZPC7RX4G;
				INFOPLIST_FILE = HW2.1.2/Info.plist;
				IPHONEOS_DEPLOYMENT_TARGET = 12.0;
				LD_RUNPATH_SEARCH_PATHS = (
					"$(inherited)",
					"@executable_path/Frameworks",
				);
				PRODUCT_BUNDLE_IDENTIFIER = "Romnet.HW2-1-2";
				PRODUCT_NAME = "$(TARGET_NAME)";
				SWIFT_VERSION = 5.0;
				TARGETED_DEVICE_FAMILY = 1;
			};
			name = Release;
		};
/* End XCBuildConfiguration section */

/* Begin XCConfigurationList section */
		008DA7E423E22F3E008C6B73 /* Build configuration list for PBXProject "HW2.1.2" */ = {
			isa = XCConfigurationList;
			buildConfigurations = (
				008DA7FB23E22F3F008C6B73 /* Debug */,
				008DA7FC23E22F3F008C6B73 /* Release */,
			);
			defaultConfigurationIsVisible = 0;
			defaultConfigurationName = Release;
		};
		008DA7FD23E22F3F008C6B73 /* Build configuration list for PBXNativeTarget "HW2.1.2" */ = {
			isa = XCConfigurationList;
			buildConfigurations = (
				008DA7FE23E22F3F008C6B73 /* Debug */,
				008DA7FF23E22F3F008C6B73 /* Release */,
			);
			defaultConfigurationIsVisible = 0;
			defaultConfigurationName = Release;
		};
/* End XCConfigurationList section */
	};
	rootObject = 008DA7E123E22F3E008C6B73 /* Project object */;
}
